
Microsoft Visual Studio Solution File, Format Version 12.00
# Visual Studio Version 16
VisualStudioVersion = 16.0.30002.166
MinimumVisualStudioVersion = 10.0.40219.1
Project("{8BC9CEB8-8B4A-11D0-8D11-00A0C91BC942}") = "prac01", "prac01\prac01.vcxproj", "{30E7F004-6ECC-4EF7-90B0-303E8540D484}"
EndProject
Global
	GlobalSection(SolutionConfigurationPlatforms) = preSolution
		Debug|x64 = Debug|x64
		Debug|x86 = Debug|x86
		Release|x64 = Release|x64
		Release|x86 = Release|x86
	EndGlobalSection
	GlobalSection(ProjectConfigurationPlatforms) = postSolution
		{30E7F004-6ECC-4EF7-90B0-303E8540D484}.Debug|x64.ActiveCfg = Debug|x64
		{30E7F004-6ECC-4EF7-90B0-303E8540D484}.Debug|x64.Build.0 = Debug|x64
		{30E7F004-6ECC-4EF7-90B0-303E8540D484}.Debug|x86.ActiveCfg = Debug|Win32
		{30E7F004-6ECC-4EF7-90B0-303E8540D484}.Debug|x86.Build.0 = Debug|Win32
		{30E7F004-6ECC-4EF7-90B0-303E8540D484}.Release|x64.ActiveCfg = Release|x64
		{30E7F004-6ECC-4EF7-90B0-303E8540D484}.Release|x64.Build.0 = Release|x64
		{30E7F004-6ECC-4EF7-90B0-303E8540D484}.Release|x86.ActiveCfg = Release|Win32
		{30E7F004-6ECC-4EF7-90B0-303E8540D484}.Release|x86.Build.0 = Release|Win32
	EndGlobalSection
	GlobalSection(SolutionProperties) = preSolution
		HideSolutionNode = FALSE
	EndGlobalSection
	GlobalSection(ExtensibilityGlobals) = postSolution
		SolutionGuid = {4CB5003E-70FF-4460-834C-2061D5C85CCE}
	EndGlobalSection
EndGlobal
